
Microsoft Visual Studio Solution File, Format Version 12.00
# Visual Studio 2013
VisualStudioVersion = 12.0.21005.1
MinimumVisualStudioVersion = 10.0.40219.1
Project("{FAE04EC0-301F-11D3-BF4B-00C04F79EFBC}") = "Chef", "Flow_Statements_Loops\Chef.csproj", "{38757146-7113-46A9-B591-163151DF10A1}"
EndProject
Project("{FAE04EC0-301F-11D3-BF4B-00C04F79EFBC}") = "IfStatements", "IfStatements\IfStatements.csproj", "{86544D8F-6DEF-483A-AD03-32CD49B9E504}"
EndProject
Project("{FAE04EC0-301F-11D3-BF4B-00C04F79EFBC}") = "LoopRefactor", "LoopRefactor\LoopRefactor.csproj", "{C11E306C-B703-4E67-BD38-8FDCBF826CE2}"
EndProject
Global
	GlobalSection(SolutionConfigurationPlatforms) = preSolution
		Debug|Any CPU = Debug|Any CPU
		Release|Any CPU = Release|Any CPU
	EndGlobalSection
	GlobalSection(ProjectConfigurationPlatforms) = postSolution
		{38757146-7113-46A9-B591-163151DF10A1}.Debug|Any CPU.ActiveCfg = Debug|Any CPU
		{38757146-7113-46A9-B591-163151DF10A1}.Debug|Any CPU.Build.0 = Debug|Any CPU
		{38757146-7113-46A9-B591-163151DF10A1}.Release|Any CPU.ActiveCfg = Release|Any CPU
		{38757146-7113-46A9-B591-163151DF10A1}.Release|Any CPU.Build.0 = Release|Any CPU
		{86544D8F-6DEF-483A-AD03-32CD49B9E504}.Debug|Any CPU.ActiveCfg = Debug|Any CPU
		{86544D8F-6DEF-483A-AD03-32CD49B9E504}.Debug|Any CPU.Build.0 = Debug|Any CPU
		{86544D8F-6DEF-483A-AD03-32CD49B9E504}.Release|Any CPU.ActiveCfg = Release|Any CPU
		{86544D8F-6DEF-483A-AD03-32CD49B9E504}.Release|Any CPU.Build.0 = Release|Any CPU
		{C11E306C-B703-4E67-BD38-8FDCBF826CE2}.Debug|Any CPU.ActiveCfg = Debug|Any CPU
		{C11E306C-B703-4E67-BD38-8FDCBF826CE2}.Debug|Any CPU.Build.0 = Debug|Any CPU
		{C11E306C-B703-4E67-BD38-8FDCBF826CE2}.Release|Any CPU.ActiveCfg = Release|Any CPU
		{C11E306C-B703-4E67-BD38-8FDCBF826CE2}.Release|Any CPU.Build.0 = Release|Any CPU
	EndGlobalSection
	GlobalSection(SolutionProperties) = preSolution
		HideSolutionNode = FALSE
	EndGlobalSection
EndGlobal
